{
  "name": "hm-yougou",
  "lockfileVersion": 2,
  "requires": true,
  "packages": {
    "": {
      "dependencies": {
        "@dcloudio/uni-ui": "^1.4.23",
        "@escook/request-miniprogram": "^0.2.1"
      }
    },
    "node_modules/@dcloudio/uni-ui": {
      "version": "1.4.23",
      "resolved": "https://registry.npmmirror.com/@dcloudio/uni-ui/-/uni-ui-1.4.23.tgz",
      "integrity": "sha512-FJRkhL240gin9WvOunY38Yi2/0FzTLVlEI3dxcjzaV1oYa81o+IWEf/29YDiRrsHuvYDk9g600QgiZLC+A6ycA=="
    },
    "node_modules/@escook/request-miniprogram": {
      "version": "0.2.1",
      "resolved": "https://registry.npmmirror.com/@escook/request-miniprogram/-/request-miniprogram-0.2.1.tgz",
      "integrity": "sha512-ueWV5YsaEm/ycQZuEjMiA88GFMhfBQSjy9GrP9omy4xAQajkGTbYIlnhzsDfWzRPmRC1fKmAiKMrCVcgS+SHcQ=="
    }
  },
  "dependencies": {
    "@dcloudio/uni-ui": {
      "version": "1.4.23",
      "resolved": "https://registry.npmmirror.com/@dcloudio/uni-ui/-/uni-ui-1.4.23.tgz",
      "integrity": "sha512-FJRkhL240gin9WvOunY38Yi2/0FzTLVlEI3dxcjzaV1oYa81o+IWEf/29YDiRrsHuvYDk9g600QgiZLC+A6ycA=="
    },
    "@escook/request-miniprogram": {
      "version": "0.2.1",
      "resolved": "https://registry.npmmirror.com/@escook/request-miniprogram/-/request-miniprogram-0.2.1.tgz",
      "integrity": "sha512-ueWV5YsaEm/ycQZuEjMiA88GFMhfBQSjy9GrP9omy4xAQajkGTbYIlnhzsDfWzRPmRC1fKmAiKMrCVcgS+SHcQ=="
    }
  }
}
